// !$*UTF8*$!
{
	archiveVersion = 1;
	classes = {
	};
	objectVersion = 50;
	objects = {

/* Begin PBXBuildFile section */
		9BAC41CF242A54EF007BC441 /* AppDelegate.swift in Sources */ = {isa = PBXBuildFile; fileRef = 9BAC41CE242A54EF007BC441 /* AppDelegate.swift */; };
		9BAC41D1242A54EF007BC441 /* SceneDelegate.swift in Sources */ = {isa = PBXBuildFile; fileRef = 9BAC41D0242A54EF007BC441 /* SceneDelegate.swift */; };
		9BAC41D3242A54EF007BC441 /* FirstViewController.swift in Sources */ = {isa = PBXBuildFile; fileRef = 9BAC41D2242A54EF007BC441 /* FirstViewController.swift */; };
		9BAC41D5242A54EF007BC441 /* SecondViewController.swift in Sources */ = {isa = PBXBuildFile; fileRef = 9BAC41D4242A54EF007BC441 /* SecondViewController.swift */; };
		9BAC41D8242A54EF007BC441 /* Main.storyboard in Resources */ = {isa = PBXBuildFile; fileRef = 9BAC41D6242A54EF007BC441 /* Main.storyboard */; };
		9BAC41DA242A54F0007BC441 /* Assets.xcassets in Resources */ = {isa = PBXBuildFile; fileRef = 9BAC41D9242A54F0007BC441 /* Assets.xcassets */; };
		9BAC41DD242A54F0007BC441 /* LaunchScreen.storyboard in Resources */ = {isa = PBXBuildFile; fileRef = 9BAC41DB242A54F0007BC441 /* LaunchScreen.storyboard */; };
		9BAC41E8242A54F0007BC441 /* ios_pipeline_exampleTests.swift in Sources */ = {isa = PBXBuildFile; fileRef = 9BAC41E7242A54F0007BC441 /* ios_pipeline_exampleTests.swift */; };
		9BAC41F3242A54F0007BC441 /* ios_pipeline_exampleUITests.swift in Sources */ = {isa = PBXBuildFile; fileRef = 9BAC41F2242A54F0007BC441 /* ios_pipeline_exampleUITests.swift */; };
/* End PBXBuildFile section */

/* Begin PBXContainerItemProxy section */
		9BAC41E4242A54F0007BC441 /* PBXContainerItemProxy */ = {
			isa = PBXContainerItemProxy;
			containerPortal = 9BAC41C3242A54EE007BC441 /* Project object */;
			proxyType = 1;
			remoteGlobalIDString = 9BAC41CA242A54EE007BC441;
			remoteInfo = "ios-pipeline-example";
		};
		9BAC41EF242A54F0007BC441 /* PBXContainerItemProxy */ = {
			isa = PBXContainerItemProxy;
			containerPortal = 9BAC41C3242A54EE007BC441 /* Project object */;
			proxyType = 1;
			remoteGlobalIDString = 9BAC41CA242A54EE007BC441;
			remoteInfo = "ios-pipeline-example";
		};
/* End PBXContainerItemProxy section */

/* Begin PBXFileReference section */
		9BAC41CB242A54EF007BC441 /* ios-pipeline-example.app */ = {isa = PBXFileReference; explicitFileType = wrapper.application; includeInIndex = 0; path = "ios-pipeline-example.app"; sourceTree = BUILT_PRODUCTS_DIR; };
		9BAC41CE242A54EF007BC441 /* AppDelegate.swift */ = {isa = PBXFileReference; lastKnownFileType = sourcecode.swift; path = AppDelegate.swift; sourceTree = "<group>"; };
		9BAC41D0242A54EF007BC441 /* SceneDelegate.swift */ = {isa = PBXFileReference; lastKnownFileType = sourcecode.swift; path = SceneDelegate.swift; sourceTree = "<group>"; };
		9BAC41D2242A54EF007BC441 /* FirstViewController.swift */ = {isa = PBXFileReference; lastKnownFileType = sourcecode.swift; path = FirstViewController.swift; sourceTree = "<group>"; };
		9BAC41D4242A54EF007BC441 /* SecondViewController.swift */ = {isa = PBXFileReference; lastKnownFileType = sourcecode.swift; path = SecondViewController.swift; sourceTree = "<group>"; };
		9BAC41D7242A54EF007BC441 /* Base */ = {isa = PBXFileReference; lastKnownFileType = file.storyboard; name = Base; path = Base.lproj/Main.storyboard; sourceTree = "<group>"; };
		9BAC41D9242A54F0007BC441 /* Assets.xcassets */ = {isa = PBXFileReference; lastKnownFileType = folder.assetcatalog; path = Assets.xcassets; sourceTree = "<group>"; };
		9BAC41DC242A54F0007BC441 /* Base */ = {isa = PBXFileReference; lastKnownFileType = file.storyboard; name = Base; path = Base.lproj/LaunchScreen.storyboard; sourceTree = "<group>"; };
		9BAC41DE242A54F0007BC441 /* Info.plist */ = {isa = PBXFileReference; lastKnownFileType = text.plist.xml; path = Info.plist; sourceTree = "<group>"; };
		9BAC41E3242A54F0007BC441 /* ios-pipeline-exampleTests.xctest */ = {isa = PBXFileReference; explicitFileType = wrapper.cfbundle; includeInIndex = 0; path = "ios-pipeline-exampleTests.xctest"; sourceTree = BUILT_PRODUCTS_DIR; };
		9BAC41E7242A54F0007BC441 /* ios_pipeline_exampleTests.swift */ = {isa = PBXFileReference; lastKnownFileType = sourcecode.swift; path = ios_pipeline_exampleTests.swift; sourceTree = "<group>"; };
		9BAC41E9242A54F0007BC441 /* Info.plist */ = {isa = PBXFileReference; lastKnownFileType = text.plist.xml; path = Info.plist; sourceTree = "<group>"; };
		9BAC41EE242A54F0007BC441 /* ios-pipeline-exampleUITests.xctest */ = {isa = PBXFileReference; explicitFileType = wrapper.cfbundle; includeInIndex = 0; path = "ios-pipeline-exampleUITests.xctest"; sourceTree = BUILT_PRODUCTS_DIR; };
		9BAC41F2242A54F0007BC441 /* ios_pipeline_exampleUITests.swift */ = {isa = PBXFileReference; lastKnownFileType = sourcecode.swift; path = ios_pipeline_exampleUITests.swift; sourceTree = "<group>"; };
		9BAC41F4242A54F0007BC441 /* Info.plist */ = {isa = PBXFileReference; lastKnownFileType = text.plist.xml; path = Info.plist; sourceTree = "<group>"; };
/* End PBXFileReference section */

/* Begin PBXFrameworksBuildPhase section */
		9BAC41C8242A54EE007BC441 /* Frameworks */ = {
			isa = PBXFrameworksBuildPhase;
			buildActionMask = 2147483647;
			files = (
			);
			runOnlyForDeploymentPostprocessing = 0;
		};
		9BAC41E0242A54F0007BC441 /* Frameworks */ = {
			isa = PBXFrameworksBuildPhase;
			buildActionMask = 2147483647;
			files = (
			);
			runOnlyForDeploymentPostprocessing = 0;
		};
		9BAC41EB242A54F0007BC441 /* Frameworks */ = {
			isa = PBXFrameworksBuildPhase;
			buildActionMask = 2147483647;
			files = (
			);
			runOnlyForDeploymentPostprocessing = 0;
		};
/* End PBXFrameworksBuildPhase section */

/* Begin PBXGroup section */
		9BAC41C2242A54EE007BC441 = {
			isa = PBXGroup;
			children = (
				9BAC41CD242A54EF007BC441 /* ios-pipeline-example */,
				9BAC41E6242A54F0007BC441 /* ios-pipeline-exampleTests */,
				9BAC41F1242A54F0007BC441 /* ios-pipeline-exampleUITests */,
				9BAC41CC242A54EF007BC441 /* Products */,
			);
			sourceTree = "<group>";
		};
		9BAC41CC242A54EF007BC441 /* Products */ = {
			isa = PBXGroup;
			children = (
				9BAC41CB242A54EF007BC441 /* ios-pipeline-example.app */,
				9BAC41E3242A54F0007BC441 /* ios-pipeline-exampleTests.xctest */,
				9BAC41EE242A54F0007BC441 /* ios-pipeline-exampleUITests.xctest */,
			);
			name = Products;
			sourceTree = "<group>";
		};
		9BAC41CD242A54EF007BC441 /* ios-pipeline-example */ = {
			isa = PBXGroup;
			children = (
				9BAC41CE242A54EF007BC441 /* AppDelegate.swift */,
				9BAC41D0242A54EF007BC441 /* SceneDelegate.swift */,
				9BAC41D2242A54EF007BC441 /* FirstViewController.swift */,
				9BAC41D4242A54EF007BC441 /* SecondViewController.swift */,
				9BAC41D6242A54EF007BC441 /* Main.storyboard */,
				9BAC41D9242A54F0007BC441 /* Assets.xcassets */,
				9BAC41DB242A54F0007BC441 /* LaunchScreen.storyboard */,
				9BAC41DE242A54F0007BC441 /* Info.plist */,
			);
			path = "ios-pipeline-example";
			sourceTree = "<group>";
		};
		9BAC41E6242A54F0007BC441 /* ios-pipeline-exampleTests */ = {
			isa = PBXGroup;
			children = (
				9BAC41E7242A54F0007BC441 /* ios_pipeline_exampleTests.swift */,
				9BAC41E9242A54F0007BC441 /* Info.plist */,
			);
			path = "ios-pipeline-exampleTests";
			sourceTree = "<group>";
		};
		9BAC41F1242A54F0007BC441 /* ios-pipeline-exampleUITests */ = {
			isa = PBXGroup;
			children = (
				9BAC41F2242A54F0007BC441 /* ios_pipeline_exampleUITests.swift */,
				9BAC41F4242A54F0007BC441 /* Info.plist */,
			);
			path = "ios-pipeline-exampleUITests";
			sourceTree = "<group>";
		};
/* End PBXGroup section */

/* Begin PBXNativeTarget section */
		9BAC41CA242A54EE007BC441 /* ios-pipeline-example */ = {
			isa = PBXNativeTarget;
			buildConfigurationList = 9BAC41F7242A54F0007BC441 /* Build configuration list for PBXNativeTarget "ios-pipeline-example" */;
			buildPhases = (
				9BAC41C7242A54EE007BC441 /* Sources */,
				9BAC41C8242A54EE007BC441 /* Frameworks */,
				9BAC41C9242A54EE007BC441 /* Resources */,
			);
			buildRules = (
			);
			dependencies = (
			);
			name = "ios-pipeline-example";
			productName = "ios-pipeline-example";
			productReference = 9BAC41CB242A54EF007BC441 /* ios-pipeline-example.app */;
			productType = "com.apple.product-type.application";
		};
		9BAC41E2242A54F0007BC441 /* ios-pipeline-exampleTests */ = {
			isa = PBXNativeTarget;
			buildConfigurationList = 9BAC41FA242A54F0007BC441 /* Build configuration list for PBXNativeTarget "ios-pipeline-exampleTests" */;
			buildPhases = (
				9BAC41DF242A54F0007BC441 /* Sources */,
				9BAC41E0242A54F0007BC441 /* Frameworks */,
				9BAC41E1242A54F0007BC441 /* Resources */,
			);
			buildRules = (
			);
			dependencies = (
				9BAC41E5242A54F0007BC441 /* PBXTargetDependency */,
			);
			name = "ios-pipeline-exampleTests";
			productName = "ios-pipeline-exampleTests";
			productReference = 9BAC41E3242A54F0007BC441 /* ios-pipeline-exampleTests.xctest */;
			productType = "com.apple.product-type.bundle.unit-test";
		};
		9BAC41ED242A54F0007BC441 /* ios-pipeline-exampleUITests */ = {
			isa = PBXNativeTarget;
			buildConfigurationList = 9BAC41FD242A54F0007BC441 /* Build configuration list for PBXNativeTarget "ios-pipeline-exampleUITests" */;
			buildPhases = (
				9BAC41EA242A54F0007BC441 /* Sources */,
				9BAC41EB242A54F0007BC441 /* Frameworks */,
				9BAC41EC242A54F0007BC441 /* Resources */,
			);
			buildRules = (
			);
			dependencies = (
				9BAC41F0242A54F0007BC441 /* PBXTargetDependency */,
			);
			name = "ios-pipeline-exampleUITests";
			productName = "ios-pipeline-exampleUITests";
			productReference = 9BAC41EE242A54F0007BC441 /* ios-pipeline-exampleUITests.xctest */;
			productType = "com.apple.product-type.bundle.ui-testing";
		};
/* End PBXNativeTarget section */

/* Begin PBXProject section */
		9BAC41C3242A54EE007BC441 /* Project object */ = {
			isa = PBXProject;
			attributes = {
				LastSwiftUpdateCheck = 1130;
				LastUpgradeCheck = 1130;
				ORGANIZATIONNAME = "Brian Shim";
				TargetAttributes = {
					9BAC41CA242A54EE007BC441 = {
						CreatedOnToolsVersion = 11.3.1;
					};
					9BAC41E2242A54F0007BC441 = {
						CreatedOnToolsVersion = 11.3.1;
						TestTargetID = 9BAC41CA242A54EE007BC441;
					};
					9BAC41ED242A54F0007BC441 = {
						CreatedOnToolsVersion = 11.3.1;
						TestTargetID = 9BAC41CA242A54EE007BC441;
					};
				};
			};
			buildConfigurationList = 9BAC41C6242A54EE007BC441 /* Build configuration list for PBXProject "ios-pipeline-example" */;
			compatibilityVersion = "Xcode 9.3";
			developmentRegion = en;
			hasScannedForEncodings = 0;
			knownRegions = (
				en,
				Base,
			);
			mainGroup = 9BAC41C2242A54EE007BC441;
			productRefGroup = 9BAC41CC242A54EF007BC441 /* Products */;
			projectDirPath = "";
			projectRoot = "";
			targets = (
				9BAC41CA242A54EE007BC441 /* ios-pipeline-example */,
				9BAC41E2242A54F0007BC441 /* ios-pipeline-exampleTests */,
				9BAC41ED242A54F0007BC441 /* ios-pipeline-exampleUITests */,
			);
		};
/* End PBXProject section */

/* Begin PBXResourcesBuildPhase section */
		9BAC41C9242A54EE007BC441 /* Resources */ = {
			isa = PBXResourcesBuildPhase;
			buildActionMask = 2147483647;
			files = (
				9BAC41DD242A54F0007BC441 /* LaunchScreen.storyboard in Resources */,
				9BAC41DA242A54F0007BC441 /* Assets.xcassets in Resources */,
				9BAC41D8242A54EF007BC441 /* Main.storyboard in Resources */,
			);
			runOnlyForDeploymentPostprocessing = 0;
		};
		9BAC41E1242A54F0007BC441 /* Resources */ = {
			isa = PBXResourcesBuildPhase;
			buildActionMask = 2147483647;
			files = (
			);
			runOnlyForDeploymentPostprocessing = 0;
		};
		9BAC41EC242A54F0007BC441 /* Resources */ = {
			isa = PBXResourcesBuildPhase;
			buildActionMask = 2147483647;
			files = (
			);
			runOnlyForDeploymentPostprocessing = 0;
		};
/* End PBXResourcesBuildPhase section */

/* Begin PBXSourcesBuildPhase section */
		9BAC41C7242A54EE007BC441 /* Sources */ = {
			isa = PBXSourcesBuildPhase;
			buildActionMask = 2147483647;
			files = (
				9BAC41D5242A54EF007BC441 /* SecondViewController.swift in Sources */,
				9BAC41D3242A54EF007BC441 /* FirstViewController.swift in Sources */,
				9BAC41CF242A54EF007BC441 /* AppDelegate.swift in Sources */,
				9BAC41D1242A54EF007BC441 /* SceneDelegate.swift in Sources */,
			);
			runOnlyForDeploymentPostprocessing = 0;
		};
		9BAC41DF242A54F0007BC441 /* Sources */ = {
			isa = PBXSourcesBuildPhase;
			buildActionMask = 2147483647;
			files = (
				9BAC41E8242A54F0007BC441 /* ios_pipeline_exampleTests.swift in Sources */,
			);
			runOnlyForDeploymentPostprocessing = 0;
		};
		9BAC41EA242A54F0007BC441 /* Sources */ = {
			isa = PBXSourcesBuildPhase;
			buildActionMask = 2147483647;
			files = (
				9BAC41F3242A54F0007BC441 /* ios_pipeline_exampleUITests.swift in Sources */,
			);
			runOnlyForDeploymentPostprocessing = 0;
		};
/* End PBXSourcesBuildPhase section */

/* Begin PBXTargetDependency section */
		9BAC41E5242A54F0007BC441 /* PBXTargetDependency */ = {
			isa = PBXTargetDependency;
			target = 9BAC41CA242A54EE007BC441 /* ios-pipeline-example */;
			targetProxy = 9BAC41E4242A54F0007BC441 /* PBXContainerItemProxy */;
		};
		9BAC41F0242A54F0007BC441 /* PBXTargetDependency */ = {
			isa = PBXTargetDependency;
			target = 9BAC41CA242A54EE007BC441 /* ios-pipeline-example */;
			targetProxy = 9BAC41EF242A54F0007BC441 /* PBXContainerItemProxy */;
		};
/* End PBXTargetDependency section */

/* Begin PBXVariantGroup section */
		9BAC41D6242A54EF007BC441 /* Main.storyboard */ = {
			isa = PBXVariantGroup;
			children = (
				9BAC41D7242A54EF007BC441 /* Base */,
			);
			name = Main.storyboard;
			sourceTree = "<group>";
		};
		9BAC41DB242A54F0007BC441 /* LaunchScreen.storyboard */ = {
			isa = PBXVariantGroup;
			children = (
				9BAC41DC242A54F0007BC441 /* Base */,
			);
			name = LaunchScreen.storyboard;
			sourceTree = "<group>";
		};
/* End PBXVariantGroup section */

/* Begin XCBuildConfiguration section */
		9BAC41F5242A54F0007BC441 /* Debug */ = {
			isa = XCBuildConfiguration;
			buildSettings = {
				ALWAYS_SEARCH_USER_PATHS = NO;
				CLANG_ANALYZER_NONNULL = YES;
				CLANG_ANALYZER_NUMBER_OBJECT_CONVERSION = YES_AGGRESSIVE;
				CLANG_CXX_LANGUAGE_STANDARD = "gnu++14";
				CLANG_CXX_LIBRARY = "libc++";
				CLANG_ENABLE_MODULES = YES;
				CLANG_ENABLE_OBJC_ARC = YES;
				CLANG_ENABLE_OBJC_WEAK = YES;
				CLANG_WARN_BLOCK_CAPTURE_AUTORELEASING = YES;
				CLANG_WARN_BOOL_CONVERSION = YES;
				CLANG_WARN_COMMA = YES;
				CLANG_WARN_CONSTANT_CONVERSION = YES;
				CLANG_WARN_DEPRECATED_OBJC_IMPLEMENTATIONS = YES;
				CLANG_WARN_DIRECT_OBJC_ISA_USAGE = YES_ERROR;
				CLANG_WARN_DOCUMENTATION_COMMENTS = YES;
				CLANG_WARN_EMPTY_BODY = YES;
				CLANG_WARN_ENUM_CONVERSION = YES;
				CLANG_WARN_INFINITE_RECURSION = YES;
				CLANG_WARN_INT_CONVERSION = YES;
				CLANG_WARN_NON_LITERAL_NULL_CONVERSION = YES;
				CLANG_WARN_OBJC_IMPLICIT_RETAIN_SELF = YES;
				CLANG_WARN_OBJC_LITERAL_CONVERSION = YES;
				CLANG_WARN_OBJC_ROOT_CLASS = YES_ERROR;
				CLANG_WARN_RANGE_LOOP_ANALYSIS = YES;
				CLANG_WARN_STRICT_PROTOTYPES = YES;
				CLANG_WARN_SUSPICIOUS_MOVE = YES;
				CLANG_WARN_UNGUARDED_AVAILABILITY = YES_AGGRESSIVE;
				CLANG_WARN_UNREACHABLE_CODE = YES;
				CLANG_WARN__DUPLICATE_METHOD_MATCH = YES;
				COPY_PHASE_STRIP = NO;
				DEBUG_INFORMATION_FORMAT = dwarf;
				ENABLE_STRICT_OBJC_MSGSEND = YES;
				ENABLE_TESTABILITY = YES;
				GCC_C_LANGUAGE_STANDARD = gnu11;
				GCC_DYNAMIC_NO_PIC = NO;
				GCC_NO_COMMON_BLOCKS = YES;
				GCC_OPTIMIZATION_LEVEL = 0;
				GCC_PREPROCESSOR_DEFINITIONS = (
					"DEBUG=1",
					"$(inherited)",
				);
				GCC_WARN_64_TO_32_BIT_CONVERSION = YES;
				GCC_WARN_ABOUT_RETURN_TYPE = YES_ERROR;
				GCC_WARN_UNDECLARED_SELECTOR = YES;
				GCC_WARN_UNINITIALIZED_AUTOS = YES_AGGRESSIVE;
				GCC_WARN_UNUSED_FUNCTION = YES;
				GCC_WARN_UNUSED_VARIABLE = YES;
				IPHONEOS_DEPLOYMENT_TARGET = 13.2;
				MTL_ENABLE_DEBUG_INFO = INCLUDE_SOURCE;
				MTL_FAST_MATH = YES;
				ONLY_ACTIVE_ARCH = YES;
				SDKROOT = iphoneos;
				SWIFT_ACTIVE_COMPILATION_CONDITIONS = DEBUG;
				SWIFT_OPTIMIZATION_LEVEL = "-Onone";
			};
			name = Debug;
		};
		9BAC41F6242A54F0007BC441 /* Release */ = {
			isa = XCBuildConfiguration;
			buildSettings = {
				ALWAYS_SEARCH_USER_PATHS = NO;
				CLANG_ANALYZER_NONNULL = YES;
				CLANG_ANALYZER_NUMBER_OBJECT_CONVERSION = YES_AGGRESSIVE;
				CLANG_CXX_LANGUAGE_STANDARD = "gnu++14";
				CLANG_CXX_LIBRARY = "libc++";
				CLANG_ENABLE_MODULES = YES;
				CLANG_ENABLE_OBJC_ARC = YES;
				CLANG_ENABLE_OBJC_WEAK = YES;
				CLANG_WARN_BLOCK_CAPTURE_AUTORELEASING = YES;
				CLANG_WARN_BOOL_CONVERSION = YES;
				CLANG_WARN_COMMA = YES;
				CLANG_WARN_CONSTANT_CONVERSION = YES;
				CLANG_WARN_DEPRECATED_OBJC_IMPLEMENTATIONS = YES;
				CLANG_WARN_DIRECT_OBJC_ISA_USAGE = YES_ERROR;
				CLANG_WARN_DOCUMENTATION_COMMENTS = YES;
				CLANG_WARN_EMPTY_BODY = YES;
				CLANG_WARN_ENUM_CONVERSION = YES;
				CLANG_WARN_INFINITE_RECURSION = YES;
				CLANG_WARN_INT_CONVERSION = YES;
				CLANG_WARN_NON_LITERAL_NULL_CONVERSION = YES;
				CLANG_WARN_OBJC_IMPLICIT_RETAIN_SELF = YES;
				CLANG_WARN_OBJC_LITERAL_CONVERSION = YES;
				CLANG_WARN_OBJC_ROOT_CLASS = YES_ERROR;
				CLANG_WARN_RANGE_LOOP_ANALYSIS = YES;
				CLANG_WARN_STRICT_PROTOTYPES = YES;
				CLANG_WARN_SUSPICIOUS_MOVE = YES;
				CLANG_WARN_UNGUARDED_AVAILABILITY = YES_AGGRESSIVE;
				CLANG_WARN_UNREACHABLE_CODE = YES;
				CLANG_WARN__DUPLICATE_METHOD_MATCH = YES;
				COPY_PHASE_STRIP = NO;
				DEBUG_INFORMATION_FORMAT = "dwarf-with-dsym";
				ENABLE_NS_ASSERTIONS = NO;
				ENABLE_STRICT_OBJC_MSGSEND = YES;
				GCC_C_LANGUAGE_STANDARD = gnu11;
				GCC_NO_COMMON_BLOCKS = YES;
				GCC_WARN_64_TO_32_BIT_CONVERSION = YES;
				GCC_WARN_ABOUT_RETURN_TYPE = YES_ERROR;
				GCC_WARN_UNDECLARED_SELECTOR = YES;
				GCC_WARN_UNINITIALIZED_AUTOS = YES_AGGRESSIVE;
				GCC_WARN_UNUSED_FUNCTION = YES;
				GCC_WARN_UNUSED_VARIABLE = YES;
				IPHONEOS_DEPLOYMENT_TARGET = 13.2;
				MTL_ENABLE_DEBUG_INFO = NO;
				MTL_FAST_MATH = YES;
				SDKROOT = iphoneos;
				SWIFT_COMPILATION_MODE = wholemodule;
				SWIFT_OPTIMIZATION_LEVEL = "-O";
				VALIDATE_PRODUCT = YES;
			};
			name = Release;
		};
		9BAC41F8242A54F0007BC441 /* Debug */ = {
			isa = XCBuildConfiguration;
			buildSettings = {
				ASSETCATALOG_COMPILER_APPICON_NAME = AppIcon;
				CODE_SIGN_STYLE = Automatic;
				INFOPLIST_FILE = "ios-pipeline-example/Info.plist";
				LD_RUNPATH_SEARCH_PATHS = (
					"$(inherited)",
					"@executable_path/Frameworks",
				);
				PRODUCT_BUNDLE_IDENTIFIER = "com.brian.shim.ios-pipeline-example";
				PRODUCT_NAME = "$(TARGET_NAME)";
				SWIFT_VERSION = 5.0;
				TARGETED_DEVICE_FAMILY = "1,2";
			};
			name = Debug;
		};
		9BAC41F9242A54F0007BC441 /* Release */ = {
			isa = XCBuildConfiguration;
			buildSettings = {
				ASSETCATALOG_COMPILER_APPICON_NAME = AppIcon;
				CODE_SIGN_STYLE = Automatic;
				INFOPLIST_FILE = "ios-pipeline-example/Info.plist";
				LD_RUNPATH_SEARCH_PATHS = (
					"$(inherited)",
					"@executable_path/Frameworks",
				);
				PRODUCT_BUNDLE_IDENTIFIER = "com.brian.shim.ios-pipeline-example";
				PRODUCT_NAME = "$(TARGET_NAME)";
				SWIFT_VERSION = 5.0;
				TARGETED_DEVICE_FAMILY = "1,2";
			};
			name = Release;
		};
		9BAC41FB242A54F0007BC441 /* Debug */ = {
			isa = XCBuildConfiguration;
			buildSettings = {
				ALWAYS_EMBED_SWIFT_STANDARD_LIBRARIES = YES;
				BUNDLE_LOADER = "$(TEST_HOST)";
				CODE_SIGN_STYLE = Automatic;
				INFOPLIST_FILE = "ios-pipeline-exampleTests/Info.plist";
				IPHONEOS_DEPLOYMENT_TARGET = 13.2;
				LD_RUNPATH_SEARCH_PATHS = (
					"$(inherited)",
					"@executable_path/Frameworks",
					"@loader_path/Frameworks",
				);
				PRODUCT_BUNDLE_IDENTIFIER = "com.brian.shim.ios-pipeline-exampleTests";
				PRODUCT_NAME = "$(TARGET_NAME)";
				SWIFT_VERSION = 5.0;
				TARGETED_DEVICE_FAMILY = "1,2";
				TEST_HOST = "$(BUILT_PRODUCTS_DIR)/ios-pipeline-example.app/ios-pipeline-example";
			};
			name = Debug;
		};
		9BAC41FC242A54F0007BC441 /* Release */ = {
			isa = XCBuildConfiguration;
			buildSettings = {
				ALWAYS_EMBED_SWIFT_STANDARD_LIBRARIES = YES;
				BUNDLE_LOADER = "$(TEST_HOST)";
				CODE_SIGN_STYLE = Automatic;
				INFOPLIST_FILE = "ios-pipeline-exampleTests/Info.plist";
				IPHONEOS_DEPLOYMENT_TARGET = 13.2;
				LD_RUNPATH_SEARCH_PATHS = (
					"$(inherited)",
					"@executable_path/Frameworks",
					"@loader_path/Frameworks",
				);
				PRODUCT_BUNDLE_IDENTIFIER = "com.brian.shim.ios-pipeline-exampleTests";
				PRODUCT_NAME = "$(TARGET_NAME)";
				SWIFT_VERSION = 5.0;
				TARGETED_DEVICE_FAMILY = "1,2";
				TEST_HOST = "$(BUILT_PRODUCTS_DIR)/ios-pipeline-example.app/ios-pipeline-example";
			};
			name = Release;
		};
		9BAC41FE242A54F0007BC441 /* Debug */ = {
			isa = XCBuildConfiguration;
			buildSettings = {
				ALWAYS_EMBED_SWIFT_STANDARD_LIBRARIES = YES;
				CODE_SIGN_STYLE = Automatic;
				INFOPLIST_FILE = "ios-pipeline-exampleUITests/Info.plist";
				LD_RUNPATH_SEARCH_PATHS = (
					"$(inherited)",
					"@executable_path/Frameworks",
					"@loader_path/Frameworks",
				);
				PRODUCT_BUNDLE_IDENTIFIER = "com.brian.shim.ios-pipeline-exampleUITests";
				PRODUCT_NAME = "$(TARGET_NAME)";
				SWIFT_VERSION = 5.0;
				TARGETED_DEVICE_FAMILY = "1,2";
				TEST_TARGET_NAME = "ios-pipeline-example";
			};
			name = Debug;
		};
		9BAC41FF242A54F0007BC441 /* Release */ = {
			isa = XCBuildConfiguration;
			buildSettings = {
				ALWAYS_EMBED_SWIFT_STANDARD_LIBRARIES = YES;
				CODE_SIGN_STYLE = Automatic;
				INFOPLIST_FILE = "ios-pipeline-exampleUITests/Info.plist";
				LD_RUNPATH_SEARCH_PATHS = (
					"$(inherited)",
					"@executable_path/Frameworks",
					"@loader_path/Frameworks",
				);
				PRODUCT_BUNDLE_IDENTIFIER = "com.brian.shim.ios-pipeline-exampleUITests";
				PRODUCT_NAME = "$(TARGET_NAME)";
				SWIFT_VERSION = 5.0;
				TARGETED_DEVICE_FAMILY = "1,2";
				TEST_TARGET_NAME = "ios-pipeline-example";
			};
			name = Release;
		};
/* End XCBuildConfiguration section */

/* Begin XCConfigurationList section */
		9BAC41C6242A54EE007BC441 /* Build configuration list for PBXProject "ios-pipeline-example" */ = {
			isa = XCConfigurationList;
			buildConfigurations = (
				9BAC41F5242A54F0007BC441 /* Debug */,
				9BAC41F6242A54F0007BC441 /* Release */,
			);
			defaultConfigurationIsVisible = 0;
			defaultConfigurationName = Release;
		};
		9BAC41F7242A54F0007BC441 /* Build configuration list for PBXNativeTarget "ios-pipeline-example" */ = {
			isa = XCConfigurationList;
			buildConfigurations = (
				9BAC41F8242A54F0007BC441 /* Debug */,
				9BAC41F9242A54F0007BC441 /* Release */,
			);
			defaultConfigurationIsVisible = 0;
			defaultConfigurationName = Release;
		};
		9BAC41FA242A54F0007BC441 /* Build configuration list for PBXNativeTarget "ios-pipeline-exampleTests" */ = {
			isa = XCConfigurationList;
			buildConfigurations = (
				9BAC41FB242A54F0007BC441 /* Debug */,
				9BAC41FC242A54F0007BC441 /* Release */,
			);
			defaultConfigurationIsVisible = 0;
			defaultConfigurationName = Release;
		};
		9BAC41FD242A54F0007BC441 /* Build configuration list for PBXNativeTarget "ios-pipeline-exampleUITests" */ = {
			isa = XCConfigurationList;
			buildConfigurations = (
				9BAC41FE242A54F0007BC441 /* Debug */,
				9BAC41FF242A54F0007BC441 /* Release */,
			);
			defaultConfigurationIsVisible = 0;
			defaultConfigurationName = Release;
		};
/* End XCConfigurationList section */
	};
	rootObject = 9BAC41C3242A54EE007BC441 /* Project object */;
}
